
Microsoft Visual Studio Solution File, Format Version 12.00
Project("{FAE04EC0-301F-11D3-BF4B-00C04F79EFBC}") = "PatternBuilder", "PatternBuilder\PatternBuilder.csproj", "{723807B7-24A6-47E7-91BC-7E88DF7ACE5E}"
EndProject
Project("{FAE04EC0-301F-11D3-BF4B-00C04F79EFBC}") = "PatternSingleton", "PatternSingleton\PatternSingleton.csproj", "{8F30A650-526B-4A0F-939D-C0A1696B4528}"
EndProject
Global
	GlobalSection(SolutionConfigurationPlatforms) = preSolution
		Debug|Any CPU = Debug|Any CPU
		Release|Any CPU = Release|Any CPU
	EndGlobalSection
	GlobalSection(ProjectConfigurationPlatforms) = postSolution
		{723807B7-24A6-47E7-91BC-7E88DF7ACE5E}.Debug|Any CPU.ActiveCfg = Debug|Any CPU
		{723807B7-24A6-47E7-91BC-7E88DF7ACE5E}.Debug|Any CPU.Build.0 = Debug|Any CPU
		{723807B7-24A6-47E7-91BC-7E88DF7ACE5E}.Release|Any CPU.ActiveCfg = Release|Any CPU
		{723807B7-24A6-47E7-91BC-7E88DF7ACE5E}.Release|Any CPU.Build.0 = Release|Any CPU
		{8F30A650-526B-4A0F-939D-C0A1696B4528}.Debug|Any CPU.ActiveCfg = Debug|Any CPU
		{8F30A650-526B-4A0F-939D-C0A1696B4528}.Debug|Any CPU.Build.0 = Debug|Any CPU
		{8F30A650-526B-4A0F-939D-C0A1696B4528}.Release|Any CPU.ActiveCfg = Release|Any CPU
		{8F30A650-526B-4A0F-939D-C0A1696B4528}.Release|Any CPU.Build.0 = Release|Any CPU
	EndGlobalSection
EndGlobal
